
Microsoft Visual Studio Solution File, Format Version 12.00
# Visual Studio Version 17
VisualStudioVersion = 17.9.34622.214
MinimumVisualStudioVersion = 10.0.40219.1
Project("{FAE04EC0-301F-11D3-BF4B-00C04F79EFBC}") = "Lesson", "Lesson\Lesson.csproj", "{A84F8A85-D71C-412F-8459-0FE1F84128B9}"
EndProject
Global
	GlobalSection(SolutionConfigurationPlatforms) = preSolution
		Debug|Any CPU = Debug|Any CPU
		Release|Any CPU = Release|Any CPU
	EndGlobalSection
	GlobalSection(ProjectConfigurationPlatforms) = postSolution
		{A84F8A85-D71C-412F-8459-0FE1F84128B9}.Debug|Any CPU.ActiveCfg = Debug|Any CPU
		{A84F8A85-D71C-412F-8459-0FE1F84128B9}.Debug|Any CPU.Build.0 = Debug|Any CPU
		{A84F8A85-D71C-412F-8459-0FE1F84128B9}.Release|Any CPU.ActiveCfg = Release|Any CPU
		{A84F8A85-D71C-412F-8459-0FE1F84128B9}.Release|Any CPU.Build.0 = Release|Any CPU
	EndGlobalSection
	GlobalSection(SolutionProperties) = preSolution
		HideSolutionNode = FALSE
	EndGlobalSection
	GlobalSection(ExtensibilityGlobals) = postSolution
		SolutionGuid = {36D8BE67-11B0-45A3-BF03-F9C8319C618C}
	EndGlobalSection
EndGlobal
